
Microsoft Visual Studio Solution File, Format Version 12.00
# Visual Studio Version 17
VisualStudioVersion = 17.13.35919.96 d17.13
MinimumVisualStudioVersion = 10.0.40219.1
Project("{FAE04EC0-301F-11D3-BF4B-00C04F79EFBC}") = "Contact.api", "Contact.api.csproj", "{DCCFD35C-1058-436B-AC77-FFBC9BDDC496}"
EndProject
Global
	GlobalSection(SolutionConfigurationPlatforms) = preSolution
		Debug|Any CPU = Debug|Any CPU
		Release|Any CPU = Release|Any CPU
	EndGlobalSection
	GlobalSection(ProjectConfigurationPlatforms) = postSolution
		{DCCFD35C-1058-436B-AC77-FFBC9BDDC496}.Debug|Any CPU.ActiveCfg = Debug|Any CPU
		{DCCFD35C-1058-436B-AC77-FFBC9BDDC496}.Debug|Any CPU.Build.0 = Debug|Any CPU
		{DCCFD35C-1058-436B-AC77-FFBC9BDDC496}.Release|Any CPU.ActiveCfg = Release|Any CPU
		{DCCFD35C-1058-436B-AC77-FFBC9BDDC496}.Release|Any CPU.Build.0 = Release|Any CPU
	EndGlobalSection
	GlobalSection(SolutionProperties) = preSolution
		HideSolutionNode = FALSE
	EndGlobalSection
	GlobalSection(ExtensibilityGlobals) = postSolution
		SolutionGuid = {8CA539BD-9471-4C8A-A185-25190D68819F}
	EndGlobalSection
EndGlobal
